// !$*UTF8*$!
{
	archiveVersion = 1;
	classes = {
	};
	objectVersion = 46;
	objects = {

/* Begin PBXBuildFile section */
		90BD816A6D276756EECE5147 /* Pods_Capitaine_spot.framework in Frameworks */ = {isa = PBXBuildFile; fileRef = 21F2D51E9692729CDE7757C6 /* Pods_Capitaine_spot.framework */; };
		A516F04C1EB9EAC7001E10C6 /* AWSDescribe.swift in Sources */ = {isa = PBXBuildFile; fileRef = A516F04B1EB9EAC7001E10C6 /* AWSDescribe.swift */; };
		A523C8031EB9D2E7006D2919 /* CDHelper.swift in Sources */ = {isa = PBXBuildFile; fileRef = A523C8021EB9D2E7006D2919 /* CDHelper.swift */; };
		A527CE4D1EB8E6E8002C7556 /* Waiting.storyboard in Resources */ = {isa = PBXBuildFile; fileRef = A527CE4C1EB8E6E8002C7556 /* Waiting.storyboard */; };
		A52C4D551EB22AA0007550D5 /* UIMedal.swift in Sources */ = {isa = PBXBuildFile; fileRef = A52C4D541EB22AA0007550D5 /* UIMedal.swift */; };
		A52E2BA81EB1DC22004F1682 /* SpotViewController.swift in Sources */ = {isa = PBXBuildFile; fileRef = A52E2BA71EB1DC22004F1682 /* SpotViewController.swift */; };
		A52E2BAA1EB1E6EB004F1682 /* Spot.storyboard in Resources */ = {isa = PBXBuildFile; fileRef = A52E2BA91EB1E6EA004F1682 /* Spot.storyboard */; };
		A537B3301EAA0E91001A912A /* WaitingViewController.swift in Sources */ = {isa = PBXBuildFile; fileRef = A537B32F1EAA0E91001A912A /* WaitingViewController.swift */; };
		A53B30671EA65617008AE7B8 /* AnimateExtension.swift in Sources */ = {isa = PBXBuildFile; fileRef = A53B30661EA65617008AE7B8 /* AnimateExtension.swift */; };
		A54512D01E9BD45F000FDA2F /* Spot.swift in Sources */ = {isa = PBXBuildFile; fileRef = A54512CF1E9BD45F000FDA2F /* Spot.swift */; };
		A54512D41E9BE017000FDA2F /* MyCamera.swift in Sources */ = {isa = PBXBuildFile; fileRef = A54512D31E9BE017000FDA2F /* MyCamera.swift */; };
		A54512D61E9BE0B6000FDA2F /* MyStyles.swift in Sources */ = {isa = PBXBuildFile; fileRef = A54512D51E9BE0B6000FDA2F /* MyStyles.swift */; };
		A54512D81E9BE0FF000FDA2F /* MyCamera.storyboard in Resources */ = {isa = PBXBuildFile; fileRef = A54512D71E9BE0FF000FDA2F /* MyCamera.storyboard */; };
		A549847D1EA766B40074755B /* UISpot.swift in Sources */ = {isa = PBXBuildFile; fileRef = A549847C1EA766B40074755B /* UISpot.swift */; };
		A549847F1EA766D50074755B /* AWSSpot.swift in Sources */ = {isa = PBXBuildFile; fileRef = A549847E1EA766D50074755B /* AWSSpot.swift */; };
		A54984811EA767810074755B /* AWSDescription.swift in Sources */ = {isa = PBXBuildFile; fileRef = A54984801EA767810074755B /* AWSDescription.swift */; };
		A54984831EA767FB0074755B /* AWSConfig.swift in Sources */ = {isa = PBXBuildFile; fileRef = A54984821EA767FB0074755B /* AWSConfig.swift */; };
		A54D8E9E1E9BB7110081C0F5 /* DynamicsFall.storyboard in Resources */ = {isa = PBXBuildFile; fileRef = A54D8E9D1E9BB7110081C0F5 /* DynamicsFall.storyboard */; };
		A54D8EA11E9BC30B0081C0F5 /* ToolExtension.swift in Sources */ = {isa = PBXBuildFile; fileRef = A54D8EA01E9BC30B0081C0F5 /* ToolExtension.swift */; };
		A54D8EA31E9BCCF20081C0F5 /* NumberExtension.swift in Sources */ = {isa = PBXBuildFile; fileRef = A54D8EA21E9BCCF20081C0F5 /* NumberExtension.swift */; };
		A57480421EA8B4E70045AC03 /* CSpotController.swift in Sources */ = {isa = PBXBuildFile; fileRef = A57480411EA8B4E70045AC03 /* CSpotController.swift */; };
		A579C8551EB8913100397D04 /* ErrorView.swift in Sources */ = {isa = PBXBuildFile; fileRef = A579C8541EB8913100397D04 /* ErrorView.swift */; };
		A57BBD131EBA087200143E75 /* Appfile in Resources */ = {isa = PBXBuildFile; fileRef = A57BBD101EBA087200143E75 /* Appfile */; };
		A57BBD141EBA087200143E75 /* Fastfile in Resources */ = {isa = PBXBuildFile; fileRef = A57BBD111EBA087200143E75 /* Fastfile */; };
		A57BBD151EBA087200143E75 /* Pluginfile in Resources */ = {isa = PBXBuildFile; fileRef = A57BBD121EBA087200143E75 /* Pluginfile */; };
		A58347CD1E9E241600E16507 /* User.swift in Sources */ = {isa = PBXBuildFile; fileRef = A58347CC1E9E241600E16507 /* User.swift */; };
		A59580521EB3452600FDED6D /* GeolocationService.swift in Sources */ = {isa = PBXBuildFile; fileRef = A58347CE1E9E537500E16507 /* GeolocationService.swift */; };
		A59580531EB34C1500FDED6D /* DescriptionNavigationController.swift in Sources */ = {isa = PBXBuildFile; fileRef = A537B3311EAA312D001A912A /* DescriptionNavigationController.swift */; };
		A59832731EAA4B9B00B88033 /* AWSTable.swift in Sources */ = {isa = PBXBuildFile; fileRef = A59832721EAA4B9B00B88033 /* AWSTable.swift */; };
		A59832751EAA58FC00B88033 /* AWSS3.swift in Sources */ = {isa = PBXBuildFile; fileRef = A59832741EAA58FC00B88033 /* AWSS3.swift */; };
		A5B0D1B71E9CD01D0014EEA3 /* MyMap.storyboard in Resources */ = {isa = PBXBuildFile; fileRef = A5B0D1B61E9CD01D0014EEA3 /* MyMap.storyboard */; };
		A5B0D1C01E9D1B070014EEA3 /* Transition.storyboard in Resources */ = {isa = PBXBuildFile; fileRef = A5B0D1BF1E9D1B070014EEA3 /* Transition.storyboard */; };
		A5CACB981E978A9A0068D5B2 /* AppDelegate.swift in Sources */ = {isa = PBXBuildFile; fileRef = A5CACB971E978A9A0068D5B2 /* AppDelegate.swift */; };
		A5CACB9A1E978A9A0068D5B2 /* MenuViewController.swift in Sources */ = {isa = PBXBuildFile; fileRef = A5CACB991E978A9A0068D5B2 /* MenuViewController.swift */; };
		A5CACB9D1E978A9A0068D5B2 /* CSpot.storyboard in Resources */ = {isa = PBXBuildFile; fileRef = A5CACB9B1E978A9A0068D5B2 /* CSpot.storyboard */; };
		A5CACB9F1E978A9A0068D5B2 /* Assets.xcassets in Resources */ = {isa = PBXBuildFile; fileRef = A5CACB9E1E978A9A0068D5B2 /* Assets.xcassets */; };
		A5CACBA21E978A9A0068D5B2 /* LaunchScreen.storyboard in Resources */ = {isa = PBXBuildFile; fileRef = A5CACBA01E978A9A0068D5B2 /* LaunchScreen.storyboard */; };
		A5CACBAD1E978B1C0068D5B2 /* DynamicsBall.swift in Sources */ = {isa = PBXBuildFile; fileRef = A5CACBAC1E978B1C0068D5B2 /* DynamicsBall.swift */; };
		A5CACBAF1E978B3C0068D5B2 /* DynamicsBall.storyboard in Resources */ = {isa = PBXBuildFile; fileRef = A5CACBAE1E978B3C0068D5B2 /* DynamicsBall.storyboard */; };
		A5E01EA01EA77B6F0087AEE0 /* AWSMobileHubHelper.framework in Frameworks */ = {isa = PBXBuildFile; fileRef = A5F638ED1EA76FF8000ACD3D /* AWSMobileHubHelper.framework */; };
		A5E23ACA1EB3918300E1176A /* VueC1.swift in Sources */ = {isa = PBXBuildFile; fileRef = A5B0D1BB1E9D1AF20014EEA3 /* VueC1.swift */; };
		A5E23ACB1EB3918300E1176A /* VueC2.swift in Sources */ = {isa = PBXBuildFile; fileRef = A5B0D1BD1E9D1AF90014EEA3 /* VueC2.swift */; };
		A5E23ACC1EB3919300E1176A /* RxMapBox.swift in Sources */ = {isa = PBXBuildFile; fileRef = A5595A531EA0BEFF00F4AFE5 /* RxMapBox.swift */; };
		A5E23ACD1EB3919300E1176A /* MyMap.swift in Sources */ = {isa = PBXBuildFile; fileRef = A5CEEA4F1E9CCD370057CA8A /* MyMap.swift */; };
		A5E23ACE1EB3919F00E1176A /* SearchNavigationController.swift in Sources */ = {isa = PBXBuildFile; fileRef = A5D47FC91EB0D8C6006C132B /* SearchNavigationController.swift */; };
		A5E23ACF1EB3919F00E1176A /* ListSearchController.swift in Sources */ = {isa = PBXBuildFile; fileRef = A5FC40711EAE615F00886246 /* ListSearchController.swift */; };
		A5E23AD01EB3919F00E1176A /* MapSearchController.swift in Sources */ = {isa = PBXBuildFile; fileRef = A571DCA71EB09AA7003DBC2A /* MapSearchController.swift */; };
		A5E23AD11EB3919F00E1176A /* TestViewController.swift in Sources */ = {isa = PBXBuildFile; fileRef = A5D47FCB1EB0E942006C132B /* TestViewController.swift */; };
		A5F638FC1EA7724B000ACD3D /* SignIn.storyboard in Resources */ = {isa = PBXBuildFile; fileRef = A5F638F21EA7724B000ACD3D /* SignIn.storyboard */; };
		A5F638FD1EA7724B000ACD3D /* SignInViewController.swift in Sources */ = {isa = PBXBuildFile; fileRef = A5F638F31EA7724B000ACD3D /* SignInViewController.swift */; };
		A5F638FE1EA7724B000ACD3D /* SignInViewControllerExtensions.swift in Sources */ = {isa = PBXBuildFile; fileRef = A5F638F51EA7724B000ACD3D /* SignInViewControllerExtensions.swift */; };
		A5F638FF1EA7724B000ACD3D /* UserPoolForgotPasswordViewController.swift in Sources */ = {isa = PBXBuildFile; fileRef = A5F638F61EA7724B000ACD3D /* UserPoolForgotPasswordViewController.swift */; };
		A5F639001EA7724B000ACD3D /* UserPoolMFAViewController.swift in Sources */ = {isa = PBXBuildFile; fileRef = A5F638F71EA7724B000ACD3D /* UserPoolMFAViewController.swift */; };
		A5F639011EA7724B000ACD3D /* UserPoolNewPasswordViewController.swift in Sources */ = {isa = PBXBuildFile; fileRef = A5F638F81EA7724B000ACD3D /* UserPoolNewPasswordViewController.swift */; };
		A5F639021EA7724B000ACD3D /* UserPools.storyboard in Resources */ = {isa = PBXBuildFile; fileRef = A5F638F91EA7724B000ACD3D /* UserPools.storyboard */; };
		A5F639031EA7724B000ACD3D /* UserPoolSignUpConfirmationViewController.swift in Sources */ = {isa = PBXBuildFile; fileRef = A5F638FA1EA7724B000ACD3D /* UserPoolSignUpConfirmationViewController.swift */; };
		A5F639041EA7724B000ACD3D /* UserPoolSignUpViewController.swift in Sources */ = {isa = PBXBuildFile; fileRef = A5F638FB1EA7724B000ACD3D /* UserPoolSignUpViewController.swift */; };
		A5F639061EA7749B000ACD3D /* libz.tbd in Frameworks */ = {isa = PBXBuildFile; fileRef = A5F639051EA7749B000ACD3D /* libz.tbd */; };
		A5F639081EA774AF000ACD3D /* libsqlite3.tbd in Frameworks */ = {isa = PBXBuildFile; fileRef = A5F639071EA774AF000ACD3D /* libsqlite3.tbd */; };
		A5F6390A1EA774EF000ACD3D /* Foundation.framework in Frameworks */ = {isa = PBXBuildFile; fileRef = A5F639091EA774EF000ACD3D /* Foundation.framework */; };
		A5F6390C1EA774F7000ACD3D /* MediaPlayer.framework in Frameworks */ = {isa = PBXBuildFile; fileRef = A5F6390B1EA774F7000ACD3D /* MediaPlayer.framework */; };
		A5F6390E1EA77504000ACD3D /* AddressBook.framework in Frameworks */ = {isa = PBXBuildFile; fileRef = A5F6390D1EA77504000ACD3D /* AddressBook.framework */; };
		A5F639101EA7750A000ACD3D /* SafariServices.framework in Frameworks */ = {isa = PBXBuildFile; fileRef = A5F6390F1EA7750A000ACD3D /* SafariServices.framework */; };
		A5FC40741EAE617A00886246 /* Search.storyboard in Resources */ = {isa = PBXBuildFile; fileRef = A5FC40731EAE617A00886246 /* Search.storyboard */; };
/* End PBXBuildFile section */

/* Begin PBXFileReference section */
		0C7DF1EE9E0485446262E3CE /* Pods-Capitaine spot.debug.xcconfig */ = {isa = PBXFileReference; includeInIndex = 1; lastKnownFileType = text.xcconfig; name = "Pods-Capitaine spot.debug.xcconfig"; path = "Pods/Target Support Files/Pods-Capitaine spot/Pods-Capitaine spot.debug.xcconfig"; sourceTree = "<group>"; };
		21F2D51E9692729CDE7757C6 /* Pods_Capitaine_spot.framework */ = {isa = PBXFileReference; explicitFileType = wrapper.framework; includeInIndex = 0; path = Pods_Capitaine_spot.framework; sourceTree = BUILT_PRODUCTS_DIR; };
		26D74DEE36D04B6E49815A16 /* Pods-Capitaine spot.release.xcconfig */ = {isa = PBXFileReference; includeInIndex = 1; lastKnownFileType = text.xcconfig; name = "Pods-Capitaine spot.release.xcconfig"; path = "Pods/Target Support Files/Pods-Capitaine spot/Pods-Capitaine spot.release.xcconfig"; sourceTree = "<group>"; };
		A516F04B1EB9EAC7001E10C6 /* AWSDescribe.swift */ = {isa = PBXFileReference; fileEncoding = 4; lastKnownFileType = sourcecode.swift; path = AWSDescribe.swift; sourceTree = "<group>"; };
		A523C8021EB9D2E7006D2919 /* CDHelper.swift */ = {isa = PBXFileReference; fileEncoding = 4; lastKnownFileType = sourcecode.swift; path = CDHelper.swift; sourceTree = "<group>"; };
		A527CE4C1EB8E6E8002C7556 /* Waiting.storyboard */ = {isa = PBXFileReference; fileEncoding = 4; lastKnownFileType = file.storyboard; path = Waiting.storyboard; sourceTree = "<group>"; };
		A527CE4E1EB8F017002C7556 /* SignInManager.swift */ = {isa = PBXFileReference; fileEncoding = 4; lastKnownFileType = sourcecode.swift; path = SignInManager.swift; sourceTree = "<group>"; };
		A52C4D541EB22AA0007550D5 /* UIMedal.swift */ = {isa = PBXFileReference; fileEncoding = 4; lastKnownFileType = sourcecode.swift; path = UIMedal.swift; sourceTree = "<group>"; };
		A52E2BA71EB1DC22004F1682 /* SpotViewController.swift */ = {isa = PBXFileReference; fileEncoding = 4; lastKnownFileType = sourcecode.swift; path = SpotViewController.swift; sourceTree = "<group>"; };
		A52E2BA91EB1E6EA004F1682 /* Spot.storyboard */ = {isa = PBXFileReference; fileEncoding = 4; lastKnownFileType = file.storyboard; path = Spot.storyboard; sourceTree = "<group>"; };
		A537B32F1EAA0E91001A912A /* WaitingViewController.swift */ = {isa = PBXFileReference; fileEncoding = 4; lastKnownFileType = sourcecode.swift; path = WaitingViewController.swift; sourceTree = "<group>"; };
		A537B3311EAA312D001A912A /* DescriptionNavigationController.swift */ = {isa = PBXFileReference; fileEncoding = 4; lastKnownFileType = sourcecode.swift; path = DescriptionNavigationController.swift; sourceTree = "<group>"; };
		A53B30661EA65617008AE7B8 /* AnimateExtension.swift */ = {isa = PBXFileReference; fileEncoding = 4; lastKnownFileType = sourcecode.swift; path = AnimateExtension.swift; sourceTree = "<group>"; };
		A54512CF1E9BD45F000FDA2F /* Spot.swift */ = {isa = PBXFileReference; fileEncoding = 4; lastKnownFileType = sourcecode.swift; path = Spot.swift; sourceTree = "<group>"; };
		A54512D31E9BE017000FDA2F /* MyCamera.swift */ = {isa = PBXFileReference; fileEncoding = 4; lastKnownFileType = sourcecode.swift; path = MyCamera.swift; sourceTree = "<group>"; };
		A54512D51E9BE0B6000FDA2F /* MyStyles.swift */ = {isa = PBXFileReference; fileEncoding = 4; lastKnownFileType = sourcecode.swift; path = MyStyles.swift; sourceTree = "<group>"; };
		A54512D71E9BE0FF000FDA2F /* MyCamera.storyboard */ = {isa = PBXFileReference; fileEncoding = 4; lastKnownFileType = file.storyboard; path = MyCamera.storyboard; sourceTree = "<group>"; };
		A54512D91E9BE31B000FDA2F /* DescriptionFall.swift */ = {isa = PBXFileReference; fileEncoding = 4; lastKnownFileType = sourcecode.swift; path = DescriptionFall.swift; sourceTree = "<group>"; };
		A549847C1EA766B40074755B /* UISpot.swift */ = {isa = PBXFileReference; fileEncoding = 4; lastKnownFileType = sourcecode.swift; path = UISpot.swift; sourceTree = "<group>"; };
		A549847E1EA766D50074755B /* AWSSpot.swift */ = {isa = PBXFileReference; fileEncoding = 4; lastKnownFileType = sourcecode.swift; path = AWSSpot.swift; sourceTree = "<group>"; };
		A54984801EA767810074755B /* AWSDescription.swift */ = {isa = PBXFileReference; fileEncoding = 4; lastKnownFileType = sourcecode.swift; path = AWSDescription.swift; sourceTree = "<group>"; };
		A54984821EA767FB0074755B /* AWSConfig.swift */ = {isa = PBXFileReference; fileEncoding = 4; lastKnownFileType = sourcecode.swift; path = AWSConfig.swift; sourceTree = "<group>"; };
		A54D8E9B1E9BB6F90081C0F5 /* DynamicsFall.swift */ = {isa = PBXFileReference; fileEncoding = 4; lastKnownFileType = sourcecode.swift; path = DynamicsFall.swift; sourceTree = "<group>"; };
		A54D8E9D1E9BB7110081C0F5 /* DynamicsFall.storyboard */ = {isa = PBXFileReference; fileEncoding = 4; lastKnownFileType = file.storyboard; path = DynamicsFall.storyboard; sourceTree = "<group>"; };
		A54D8EA01E9BC30B0081C0F5 /* ToolExtension.swift */ = {isa = PBXFileReference; fileEncoding = 4; lastKnownFileType = sourcecode.swift; path = ToolExtension.swift; sourceTree = "<group>"; };
		A54D8EA21E9BCCF20081C0F5 /* NumberExtension.swift */ = {isa = PBXFileReference; fileEncoding = 4; lastKnownFileType = sourcecode.swift; path = NumberExtension.swift; sourceTree = "<group>"; };
		A5595A531EA0BEFF00F4AFE5 /* RxMapBox.swift */ = {isa = PBXFileReference; fileEncoding = 4; lastKnownFileType = sourcecode.swift; path = RxMapBox.swift; sourceTree = "<group>"; };
		A571DCA71EB09AA7003DBC2A /* MapSearchController.swift */ = {isa = PBXFileReference; fileEncoding = 4; lastKnownFileType = sourcecode.swift; path = MapSearchController.swift; sourceTree = "<group>"; };
		A57480411EA8B4E70045AC03 /* CSpotController.swift */ = {isa = PBXFileReference; fileEncoding = 4; lastKnownFileType = sourcecode.swift; path = CSpotController.swift; sourceTree = "<group>"; };
		A579C8541EB8913100397D04 /* ErrorView.swift */ = {isa = PBXFileReference; fileEncoding = 4; lastKnownFileType = sourcecode.swift; path = ErrorView.swift; sourceTree = "<group>"; };
		A57BBD101EBA087200143E75 /* Appfile */ = {isa = PBXFileReference; fileEncoding = 4; lastKnownFileType = text; path = Appfile; sourceTree = "<group>"; };
		A57BBD111EBA087200143E75 /* Fastfile */ = {isa = PBXFileReference; fileEncoding = 4; lastKnownFileType = text; path = Fastfile; sourceTree = "<group>"; };
		A57BBD121EBA087200143E75 /* Pluginfile */ = {isa = PBXFileReference; fileEncoding = 4; lastKnownFileType = text; path = Pluginfile; sourceTree = "<group>"; };
		A58347CC1E9E241600E16507 /* User.swift */ = {isa = PBXFileReference; fileEncoding = 4; lastKnownFileType = sourcecode.swift; path = User.swift; sourceTree = "<group>"; };
		A58347CE1E9E537500E16507 /* GeolocationService.swift */ = {isa = PBXFileReference; fileEncoding = 4; lastKnownFileType = sourcecode.swift; path = GeolocationService.swift; sourceTree = "<group>"; };
		A59832721EAA4B9B00B88033 /* AWSTable.swift */ = {isa = PBXFileReference; fileEncoding = 4; lastKnownFileType = sourcecode.swift; path = AWSTable.swift; sourceTree = "<group>"; };
		A59832741EAA58FC00B88033 /* AWSS3.swift */ = {isa = PBXFileReference; fileEncoding = 4; lastKnownFileType = sourcecode.swift; path = AWSS3.swift; sourceTree = "<group>"; };
		A5B0D1B61E9CD01D0014EEA3 /* MyMap.storyboard */ = {isa = PBXFileReference; fileEncoding = 4; lastKnownFileType = file.storyboard; path = MyMap.storyboard; sourceTree = "<group>"; };
		A5B0D1BB1E9D1AF20014EEA3 /* VueC1.swift */ = {isa = PBXFileReference; fileEncoding = 4; lastKnownFileType = sourcecode.swift; path = VueC1.swift; sourceTree = "<group>"; };
		A5B0D1BD1E9D1AF90014EEA3 /* VueC2.swift */ = {isa = PBXFileReference; fileEncoding = 4; lastKnownFileType = sourcecode.swift; path = VueC2.swift; sourceTree = "<group>"; };
		A5B0D1BF1E9D1B070014EEA3 /* Transition.storyboard */ = {isa = PBXFileReference; fileEncoding = 4; lastKnownFileType = file.storyboard; path = Transition.storyboard; sourceTree = "<group>"; };
		A5CACB941E978A9A0068D5B2 /* Capitaine spot.app */ = {isa = PBXFileReference; explicitFileType = wrapper.application; includeInIndex = 0; path = "Capitaine spot.app"; sourceTree = BUILT_PRODUCTS_DIR; };
		A5CACB971E978A9A0068D5B2 /* AppDelegate.swift */ = {isa = PBXFileReference; lastKnownFileType = sourcecode.swift; path = AppDelegate.swift; sourceTree = "<group>"; };
		A5CACB991E978A9A0068D5B2 /* MenuViewController.swift */ = {isa = PBXFileReference; lastKnownFileType = sourcecode.swift; path = MenuViewController.swift; sourceTree = "<group>"; };
		A5CACB9C1E978A9A0068D5B2 /* Base */ = {isa = PBXFileReference; lastKnownFileType = file.storyboard; name = Base; path = Base.lproj/CSpot.storyboard; sourceTree = "<group>"; };
		A5CACB9E1E978A9A0068D5B2 /* Assets.xcassets */ = {isa = PBXFileReference; lastKnownFileType = folder.assetcatalog; path = Assets.xcassets; sourceTree = "<group>"; };
		A5CACBA11E978A9A0068D5B2 /* Base */ = {isa = PBXFileReference; lastKnownFileType = file.storyboard; name = Base; path = Base.lproj/LaunchScreen.storyboard; sourceTree = "<group>"; };
		A5CACBA31E978A9A0068D5B2 /* Info.plist */ = {isa = PBXFileReference; lastKnownFileType = text.plist.xml; path = Info.plist; sourceTree = "<group>"; };
		A5CACBAC1E978B1C0068D5B2 /* DynamicsBall.swift */ = {isa = PBXFileReference; fileEncoding = 4; lastKnownFileType = sourcecode.swift; path = DynamicsBall.swift; sourceTree = "<group>"; };
		A5CACBAE1E978B3C0068D5B2 /* DynamicsBall.storyboard */ = {isa = PBXFileReference; fileEncoding = 4; lastKnownFileType = file.storyboard; path = DynamicsBall.storyboard; sourceTree = "<group>"; };
		A5CEEA4F1E9CCD370057CA8A /* MyMap.swift */ = {isa = PBXFileReference; fileEncoding = 4; lastKnownFileType = sourcecode.swift; path = MyMap.swift; sourceTree = "<group>"; };
		A5D47FC91EB0D8C6006C132B /* SearchNavigationController.swift */ = {isa = PBXFileReference; fileEncoding = 4; lastKnownFileType = sourcecode.swift; path = SearchNavigationController.swift; sourceTree = "<group>"; };
		A5D47FCB1EB0E942006C132B /* TestViewController.swift */ = {isa = PBXFileReference; fileEncoding = 4; lastKnownFileType = sourcecode.swift; path = TestViewController.swift; sourceTree = "<group>"; };
		A5F638ED1EA76FF8000ACD3D /* AWSMobileHubHelper.framework */ = {isa = PBXFileReference; lastKnownFileType = wrapper.framework; path = AWSMobileHubHelper.framework; sourceTree = "<group>"; };
		A5F638F21EA7724B000ACD3D /* SignIn.storyboard */ = {isa = PBXFileReference; fileEncoding = 4; lastKnownFileType = file.storyboard; path = SignIn.storyboard; sourceTree = "<group>"; };
		A5F638F31EA7724B000ACD3D /* SignInViewController.swift */ = {isa = PBXFileReference; fileEncoding = 4; lastKnownFileType = sourcecode.swift; path = SignInViewController.swift; sourceTree = "<group>"; };
		A5F638F51EA7724B000ACD3D /* SignInViewControllerExtensions.swift */ = {isa = PBXFileReference; fileEncoding = 4; lastKnownFileType = sourcecode.swift; path = SignInViewControllerExtensions.swift; sourceTree = "<group>"; };
		A5F638F61EA7724B000ACD3D /* UserPoolForgotPasswordViewController.swift */ = {isa = PBXFileReference; fileEncoding = 4; lastKnownFileType = sourcecode.swift; path = UserPoolForgotPasswordViewController.swift; sourceTree = "<group>"; };
		A5F638F71EA7724B000ACD3D /* UserPoolMFAViewController.swift */ = {isa = PBXFileReference; fileEncoding = 4; lastKnownFileType = sourcecode.swift; path = UserPoolMFAViewController.swift; sourceTree = "<group>"; };
		A5F638F81EA7724B000ACD3D /* UserPoolNewPasswordViewController.swift */ = {isa = PBXFileReference; fileEncoding = 4; lastKnownFileType = sourcecode.swift; path = UserPoolNewPasswordViewController.swift; sourceTree = "<group>"; };
		A5F638F91EA7724B000ACD3D /* UserPools.storyboard */ = {isa = PBXFileReference; fileEncoding = 4; lastKnownFileType = file.storyboard; path = UserPools.storyboard; sourceTree = "<group>"; };
		A5F638FA1EA7724B000ACD3D /* UserPoolSignUpConfirmationViewController.swift */ = {isa = PBXFileReference; fileEncoding = 4; lastKnownFileType = sourcecode.swift; path = UserPoolSignUpConfirmationViewController.swift; sourceTree = "<group>"; };
		A5F638FB1EA7724B000ACD3D /* UserPoolSignUpViewController.swift */ = {isa = PBXFileReference; fileEncoding = 4; lastKnownFileType = sourcecode.swift; path = UserPoolSignUpViewController.swift; sourceTree = "<group>"; };
		A5F639051EA7749B000ACD3D /* libz.tbd */ = {isa = PBXFileReference; lastKnownFileType = "sourcecode.text-based-dylib-definition"; name = libz.tbd; path = usr/lib/libz.tbd; sourceTree = SDKROOT; };
		A5F639071EA774AF000ACD3D /* libsqlite3.tbd */ = {isa = PBXFileReference; lastKnownFileType = "sourcecode.text-based-dylib-definition"; name = libsqlite3.tbd; path = usr/lib/libsqlite3.tbd; sourceTree = SDKROOT; };
		A5F639091EA774EF000ACD3D /* Foundation.framework */ = {isa = PBXFileReference; lastKnownFileType = wrapper.framework; name = Foundation.framework; path = System/Library/Frameworks/Foundation.framework; sourceTree = SDKROOT; };
		A5F6390B1EA774F7000ACD3D /* MediaPlayer.framework */ = {isa = PBXFileReference; lastKnownFileType = wrapper.framework; name = MediaPlayer.framework; path = System/Library/Frameworks/MediaPlayer.framework; sourceTree = SDKROOT; };
		A5F6390D1EA77504000ACD3D /* AddressBook.framework */ = {isa = PBXFileReference; lastKnownFileType = wrapper.framework; name = AddressBook.framework; path = System/Library/Frameworks/AddressBook.framework; sourceTree = SDKROOT; };
		A5F6390F1EA7750A000ACD3D /* SafariServices.framework */ = {isa = PBXFileReference; lastKnownFileType = wrapper.framework; name = SafariServices.framework; path = System/Library/Frameworks/SafariServices.framework; sourceTree = SDKROOT; };
		A5FC40711EAE615F00886246 /* ListSearchController.swift */ = {isa = PBXFileReference; fileEncoding = 4; lastKnownFileType = sourcecode.swift; path = ListSearchController.swift; sourceTree = "<group>"; };
		A5FC40731EAE617A00886246 /* Search.storyboard */ = {isa = PBXFileReference; fileEncoding = 4; lastKnownFileType = file.storyboard; path = Search.storyboard; sourceTree = "<group>"; };
/* End PBXFileReference section */

/* Begin PBXFrameworksBuildPhase section */
		A5CACB911E978A9A0068D5B2 /* Frameworks */ = {
			isa = PBXFrameworksBuildPhase;
			buildActionMask = 2147483647;
			files = (
				A5F639101EA7750A000ACD3D /* SafariServices.framework in Frameworks */,
				A5F6390E1EA77504000ACD3D /* AddressBook.framework in Frameworks */,
				A5F6390C1EA774F7000ACD3D /* MediaPlayer.framework in Frameworks */,
				A5F6390A1EA774EF000ACD3D /* Foundation.framework in Frameworks */,
				A5F639081EA774AF000ACD3D /* libsqlite3.tbd in Frameworks */,
				A5F639061EA7749B000ACD3D /* libz.tbd in Frameworks */,
				90BD816A6D276756EECE5147 /* Pods_Capitaine_spot.framework in Frameworks */,
				A5E01EA01EA77B6F0087AEE0 /* AWSMobileHubHelper.framework in Frameworks */,
			);
			runOnlyForDeploymentPostprocessing = 0;
		};
/* End PBXFrameworksBuildPhase section */

/* Begin PBXGroup section */
		67318BAE4043AD3CAD559058 /* Frameworks */ = {
			isa = PBXGroup;
			children = (
				A5F6390F1EA7750A000ACD3D /* SafariServices.framework */,
				A5F6390D1EA77504000ACD3D /* AddressBook.framework */,
				A5F6390B1EA774F7000ACD3D /* MediaPlayer.framework */,
				A5F639091EA774EF000ACD3D /* Foundation.framework */,
				A5F639071EA774AF000ACD3D /* libsqlite3.tbd */,
				A5F639051EA7749B000ACD3D /* libz.tbd */,
				A5F638ED1EA76FF8000ACD3D /* AWSMobileHubHelper.framework */,
				21F2D51E9692729CDE7757C6 /* Pods_Capitaine_spot.framework */,
			);
			name = Frameworks;
			sourceTree = "<group>";
		};
		8AB950C02094189C79911CEC /* Pods */ = {
			isa = PBXGroup;
			children = (
				0C7DF1EE9E0485446262E3CE /* Pods-Capitaine spot.debug.xcconfig */,
				26D74DEE36D04B6E49815A16 /* Pods-Capitaine spot.release.xcconfig */,
			);
			name = Pods;
			sourceTree = "<group>";
		};
		A52C4D531EB22A72007550D5 /* Graphique */ = {
			isa = PBXGroup;
			children = (
				A52C4D541EB22AA0007550D5 /* UIMedal.swift */,
			);
			name = Graphique;
			sourceTree = "<group>";
		};
		A52E2BA61EB1DC0F004F1682 /* EcranProfil */ = {
			isa = PBXGroup;
			children = (
				A52E2BA71EB1DC22004F1682 /* SpotViewController.swift */,
				A52E2BA91EB1E6EA004F1682 /* Spot.storyboard */,
			);
			name = EcranProfil;
			sourceTree = "<group>";
		};
		A537B32E1EAA0E6D001A912A /* EcranChargement */ = {
			isa = PBXGroup;
			children = (
				A527CE4C1EB8E6E8002C7556 /* Waiting.storyboard */,
				A537B32F1EAA0E91001A912A /* WaitingViewController.swift */,
				A579C8541EB8913100397D04 /* ErrorView.swift */,
			);
			name = EcranChargement;
			sourceTree = "<group>";
		};
		A54512D11E9BDFED000FDA2F /* BoiteAComposant */ = {
			isa = PBXGroup;
			children = (
				A5F638F11EA7724B000ACD3D /* EcranConnection */,
				A52E2BA61EB1DC0F004F1682 /* EcranProfil */,
				A5FC40701EAE60CA00886246 /* EcranRecherche */,
				A537B32E1EAA0E6D001A912A /* EcranChargement */,
				A5B62C151EA8FABA00694441 /* EcranDescription */,
				A556EEB21EA79C2E00391E06 /* EcranPrincipal */,
			);
			name = BoiteAComposant;
			sourceTree = "<group>";
		};
		A54512D21E9BE004000FDA2F /* AppareilPhoto */ = {
			isa = PBXGroup;
			children = (
				A54512D31E9BE017000FDA2F /* MyCamera.swift */,
				A54512D71E9BE0FF000FDA2F /* MyCamera.storyboard */,
			);
			name = AppareilPhoto;
			sourceTree = "<group>";
		};
		A54984791EA766820074755B /* BoiteAObject */ = {
			isa = PBXGroup;
			children = (
				A52C4D531EB22A72007550D5 /* Graphique */,
				A549847B1EA7669F0074755B /* User */,
				A549847A1EA766990074755B /* Spot */,
			);
			name = BoiteAObject;
			sourceTree = "<group>";
		};
		A549847A1EA766990074755B /* Spot */ = {
			isa = PBXGroup;
			children = (
				A54512CF1E9BD45F000FDA2F /* Spot.swift */,
				A549847C1EA766B40074755B /* UISpot.swift */,
				A549847E1EA766D50074755B /* AWSSpot.swift */,
				A54984801EA767810074755B /* AWSDescription.swift */,
				A516F04B1EB9EAC7001E10C6 /* AWSDescribe.swift */,
			);
			name = Spot;
			sourceTree = "<group>";
		};
		A549847B1EA7669F0074755B /* User */ = {
			isa = PBXGroup;
			children = (
				A58347CC1E9E241600E16507 /* User.swift */,
			);
			name = User;
			sourceTree = "<group>";
		};
		A54D8E9A1E9BB5CE0081C0F5 /* DynamicsFall */ = {
			isa = PBXGroup;
			children = (
				A54512D91E9BE31B000FDA2F /* DescriptionFall.swift */,
				A54D8E9B1E9BB6F90081C0F5 /* DynamicsFall.swift */,
				A54D8E9D1E9BB7110081C0F5 /* DynamicsFall.storyboard */,
			);
			name = DynamicsFall;
			sourceTree = "<group>";
		};
		A556EEB21EA79C2E00391E06 /* EcranPrincipal */ = {
			isa = PBXGroup;
			children = (
				A5CACB9B1E978A9A0068D5B2 /* CSpot.storyboard */,
				A57480411EA8B4E70045AC03 /* CSpotController.swift */,
				A5CACB991E978A9A0068D5B2 /* MenuViewController.swift */,
			);
			name = EcranPrincipal;
			sourceTree = "<group>";
		};
		A57BBD0F1EBA082600143E75 /* Fastlane */ = {
			isa = PBXGroup;
			children = (
				A57BBD101EBA087200143E75 /* Appfile */,
				A57BBD111EBA087200143E75 /* Fastfile */,
				A57BBD121EBA087200143E75 /* Pluginfile */,
			);
			name = Fastlane;
			sourceTree = "<group>";
		};
		A5B62C151EA8FABA00694441 /* EcranDescription */ = {
			isa = PBXGroup;
			children = (
				A5B0D1BB1E9D1AF20014EEA3 /* VueC1.swift */,
				A5B0D1BD1E9D1AF90014EEA3 /* VueC2.swift */,
				A537B3311EAA312D001A912A /* DescriptionNavigationController.swift */,
				A5B0D1BF1E9D1B070014EEA3 /* Transition.storyboard */,
				A54512D21E9BE004000FDA2F /* AppareilPhoto */,
				A5CEEA4E1E9CCD220057CA8A /* MaMap */,
			);
			name = EcranDescription;
			sourceTree = "<group>";
		};
		A5CACB8B1E978A990068D5B2 = {
			isa = PBXGroup;
			children = (
				A5CACB961E978A9A0068D5B2 /* Capitaine spot */,
				A5CACB951E978A9A0068D5B2 /* Products */,
				8AB950C02094189C79911CEC /* Pods */,
				67318BAE4043AD3CAD559058 /* Frameworks */,
			);
			sourceTree = "<group>";
		};
		A5CACB951E978A9A0068D5B2 /* Products */ = {
			isa = PBXGroup;
			children = (
				A5CACB941E978A9A0068D5B2 /* Capitaine spot.app */,
			);
			name = Products;
			sourceTree = "<group>";
		};
		A5CACB961E978A9A0068D5B2 /* Capitaine spot */ = {
			isa = PBXGroup;
			children = (
				A57BBD0F1EBA082600143E75 /* Fastlane */,
				A54984791EA766820074755B /* BoiteAObject */,
				A54512D11E9BDFED000FDA2F /* BoiteAComposant */,
				A5CACBAA1E978ACA0068D5B2 /* BoiteATests */,
				A5CACBA91E978AB40068D5B2 /* BoiteAOutils */,
				A5CACB971E978A9A0068D5B2 /* AppDelegate.swift */,
				A5CACB9E1E978A9A0068D5B2 /* Assets.xcassets */,
				A5CACBA01E978A9A0068D5B2 /* LaunchScreen.storyboard */,
				A5CACBA31E978A9A0068D5B2 /* Info.plist */,
			);
			path = "Capitaine spot";
			sourceTree = "<group>";
		};
		A5CACBA91E978AB40068D5B2 /* BoiteAOutils */ = {
			isa = PBXGroup;
			children = (
				A5F638F01EA771A3000ACD3D /* AWS */,
				A54D8EA01E9BC30B0081C0F5 /* ToolExtension.swift */,
				A54512D51E9BE0B6000FDA2F /* MyStyles.swift */,
				A54D8EA21E9BCCF20081C0F5 /* NumberExtension.swift */,
				A53B30661EA65617008AE7B8 /* AnimateExtension.swift */,
				A523C8021EB9D2E7006D2919 /* CDHelper.swift */,
			);
			name = BoiteAOutils;
			sourceTree = "<group>";
		};
		A5CACBAA1E978ACA0068D5B2 /* BoiteATests */ = {
			isa = PBXGroup;
			children = (
				A54D8E9A1E9BB5CE0081C0F5 /* DynamicsFall */,
				A5CACBAB1E978B040068D5B2 /* DynamicsBall */,
			);
			name = BoiteATests;
			sourceTree = "<group>";
		};
		A5CACBAB1E978B040068D5B2 /* DynamicsBall */ = {
			isa = PBXGroup;
			children = (
				A5CACBAC1E978B1C0068D5B2 /* DynamicsBall.swift */,
				A5CACBAE1E978B3C0068D5B2 /* DynamicsBall.storyboard */,
			);
			name = DynamicsBall;
			sourceTree = "<group>";
		};
		A5CEEA4E1E9CCD220057CA8A /* MaMap */ = {
			isa = PBXGroup;
			children = (
				A58347CE1E9E537500E16507 /* GeolocationService.swift */,
				A5595A531EA0BEFF00F4AFE5 /* RxMapBox.swift */,
				A5CEEA4F1E9CCD370057CA8A /* MyMap.swift */,
				A5B0D1B61E9CD01D0014EEA3 /* MyMap.storyboard */,
			);
			name = MaMap;
			sourceTree = "<group>";
		};
		A5F638F01EA771A3000ACD3D /* AWS */ = {
			isa = PBXGroup;
			children = (
				A59832741EAA58FC00B88033 /* AWSS3.swift */,
				A59832721EAA4B9B00B88033 /* AWSTable.swift */,
				A54984821EA767FB0074755B /* AWSConfig.swift */,
			);
			name = AWS;
			sourceTree = "<group>";
		};
		A5F638F11EA7724B000ACD3D /* EcranConnection */ = {
			isa = PBXGroup;
			children = (
				A5F638F21EA7724B000ACD3D /* SignIn.storyboard */,
				A527CE4E1EB8F017002C7556 /* SignInManager.swift */,
				A5F638F31EA7724B000ACD3D /* SignInViewController.swift */,
				A5F638F41EA7724B000ACD3D /* UserPools */,
			);
			name = EcranConnection;
			path = signin;
			sourceTree = "<group>";
		};
		A5F638F41EA7724B000ACD3D /* UserPools */ = {
			isa = PBXGroup;
			children = (
				A5F638F51EA7724B000ACD3D /* SignInViewControllerExtensions.swift */,
				A5F638F61EA7724B000ACD3D /* UserPoolForgotPasswordViewController.swift */,
				A5F638F71EA7724B000ACD3D /* UserPoolMFAViewController.swift */,
				A5F638F81EA7724B000ACD3D /* UserPoolNewPasswordViewController.swift */,
				A5F638F91EA7724B000ACD3D /* UserPools.storyboard */,
				A5F638FA1EA7724B000ACD3D /* UserPoolSignUpConfirmationViewController.swift */,
				A5F638FB1EA7724B000ACD3D /* UserPoolSignUpViewController.swift */,
			);
			path = UserPools;
			sourceTree = "<group>";
		};
		A5FC40701EAE60CA00886246 /* EcranRecherche */ = {
			isa = PBXGroup;
			children = (
				A5D47FC91EB0D8C6006C132B /* SearchNavigationController.swift */,
				A5FC40711EAE615F00886246 /* ListSearchController.swift */,
				A571DCA71EB09AA7003DBC2A /* MapSearchController.swift */,
				A5D47FCB1EB0E942006C132B /* TestViewController.swift */,
				A5FC40731EAE617A00886246 /* Search.storyboard */,
			);
			name = EcranRecherche;
			sourceTree = "<group>";
		};
/* End PBXGroup section */

/* Begin PBXNativeTarget section */
		A5CACB931E978A9A0068D5B2 /* Capitaine spot */ = {
			isa = PBXNativeTarget;
			buildConfigurationList = A5CACBA61E978A9A0068D5B2 /* Build configuration list for PBXNativeTarget "Capitaine spot" */;
			buildPhases = (
				DBC98A0250472C0A12311D30 /* [CP] Check Pods Manifest.lock */,
				A5CACB901E978A9A0068D5B2 /* Sources */,
				A5CACB911E978A9A0068D5B2 /* Frameworks */,
				A5CACB921E978A9A0068D5B2 /* Resources */,
				800EC78C52FC55F172D1DF76 /* [CP] Embed Pods Frameworks */,
				B7CE577F3502AB774582FAFE /* [CP] Copy Pods Resources */,
				A5F080E81EBA1697006FA1C1 /* ShellScript */,
			);
			buildRules = (
			);
			dependencies = (
			);
			name = "Capitaine spot";
			productName = "Capitaine spot";
			productReference = A5CACB941E978A9A0068D5B2 /* Capitaine spot.app */;
			productType = "com.apple.product-type.application";
		};
/* End PBXNativeTarget section */

/* Begin PBXProject section */
		A5CACB8C1E978A9A0068D5B2 /* Project object */ = {
			isa = PBXProject;
			attributes = {
				LastSwiftUpdateCheck = 0830;
				LastUpgradeCheck = 0830;
				ORGANIZATIONNAME = "Arnaud Verrier";
				TargetAttributes = {
					A5CACB931E978A9A0068D5B2 = {
						CreatedOnToolsVersion = 8.3;
						DevelopmentTeam = DA7865XRM2;
						ProvisioningStyle = Automatic;
					};
				};
			};
			buildConfigurationList = A5CACB8F1E978A9A0068D5B2 /* Build configuration list for PBXProject "Capitaine spot" */;
			compatibilityVersion = "Xcode 3.2";
			developmentRegion = English;
			hasScannedForEncodings = 0;
			knownRegions = (
				en,
				Base,
			);
			mainGroup = A5CACB8B1E978A990068D5B2;
			productRefGroup = A5CACB951E978A9A0068D5B2 /* Products */;
			projectDirPath = "";
			projectRoot = "";
			targets = (
				A5CACB931E978A9A0068D5B2 /* Capitaine spot */,
			);
		};
/* End PBXProject section */

/* Begin PBXResourcesBuildPhase section */
		A5CACB921E978A9A0068D5B2 /* Resources */ = {
			isa = PBXResourcesBuildPhase;
			buildActionMask = 2147483647;
			files = (
				A57BBD141EBA087200143E75 /* Fastfile in Resources */,
				A54D8E9E1E9BB7110081C0F5 /* DynamicsFall.storyboard in Resources */,
				A5F639021EA7724B000ACD3D /* UserPools.storyboard in Resources */,
				A5CACBA21E978A9A0068D5B2 /* LaunchScreen.storyboard in Resources */,
				A5CACBAF1E978B3C0068D5B2 /* DynamicsBall.storyboard in Resources */,
				A527CE4D1EB8E6E8002C7556 /* Waiting.storyboard in Resources */,
				A52E2BAA1EB1E6EB004F1682 /* Spot.storyboard in Resources */,
				A57BBD131EBA087200143E75 /* Appfile in Resources */,
				A5B0D1B71E9CD01D0014EEA3 /* MyMap.storyboard in Resources */,
				A57BBD151EBA087200143E75 /* Pluginfile in Resources */,
				A5F638FC1EA7724B000ACD3D /* SignIn.storyboard in Resources */,
				A54512D81E9BE0FF000FDA2F /* MyCamera.storyboard in Resources */,
				A5CACB9F1E978A9A0068D5B2 /* Assets.xcassets in Resources */,
				A5FC40741EAE617A00886246 /* Search.storyboard in Resources */,
				A5CACB9D1E978A9A0068D5B2 /* CSpot.storyboard in Resources */,
				A5B0D1C01E9D1B070014EEA3 /* Transition.storyboard in Resources */,
			);
			runOnlyForDeploymentPostprocessing = 0;
		};
/* End PBXResourcesBuildPhase section */

/* Begin PBXShellScriptBuildPhase section */
		800EC78C52FC55F172D1DF76 /* [CP] Embed Pods Frameworks */ = {
			isa = PBXShellScriptBuildPhase;
			buildActionMask = 2147483647;
			files = (
			);
			inputPaths = (
			);
			name = "[CP] Embed Pods Frameworks";
			outputPaths = (
			);
			runOnlyForDeploymentPostprocessing = 0;
			shellPath = /bin/sh;
			shellScript = "\"${SRCROOT}/Pods/Target Support Files/Pods-Capitaine spot/Pods-Capitaine spot-frameworks.sh\"\n";
			showEnvVarsInLog = 0;
		};
		A5F080E81EBA1697006FA1C1 /* ShellScript */ = {
			isa = PBXShellScriptBuildPhase;
			buildActionMask = 2147483647;
			files = (
			);
			inputPaths = (
			);
			outputPaths = (
			);
			runOnlyForDeploymentPostprocessing = 0;
			shellPath = /bin/sh;
			shellScript = "\"${PODS_ROOT}/Fabric/run\" 764bf69e668024472879b83193f28d112137418c ae5c6cb001024e8ba4fe16e4ca9e0d0919872a50fba51ef518979f79abfa2771";
		};
		B7CE577F3502AB774582FAFE /* [CP] Copy Pods Resources */ = {
			isa = PBXShellScriptBuildPhase;
			buildActionMask = 2147483647;
			files = (
			);
			inputPaths = (
			);
			name = "[CP] Copy Pods Resources";
			outputPaths = (
			);
			runOnlyForDeploymentPostprocessing = 0;
			shellPath = /bin/sh;
			shellScript = "\"${SRCROOT}/Pods/Target Support Files/Pods-Capitaine spot/Pods-Capitaine spot-resources.sh\"\n";
			showEnvVarsInLog = 0;
		};
		DBC98A0250472C0A12311D30 /* [CP] Check Pods Manifest.lock */ = {
			isa = PBXShellScriptBuildPhase;
			buildActionMask = 2147483647;
			files = (
			);
			inputPaths = (
			);
			name = "[CP] Check Pods Manifest.lock";
			outputPaths = (
			);
			runOnlyForDeploymentPostprocessing = 0;
			shellPath = /bin/sh;
			shellScript = "diff \"${PODS_ROOT}/../Podfile.lock\" \"${PODS_ROOT}/Manifest.lock\" > /dev/null\nif [ $? != 0 ] ; then\n    # print error to STDERR\n    echo \"error: The sandbox is not in sync with the Podfile.lock. Run 'pod install' or update your CocoaPods installation.\" >&2\n    exit 1\nfi\n";
			showEnvVarsInLog = 0;
		};
/* End PBXShellScriptBuildPhase section */

/* Begin PBXSourcesBuildPhase section */
		A5CACB901E978A9A0068D5B2 /* Sources */ = {
			isa = PBXSourcesBuildPhase;
			buildActionMask = 2147483647;
			files = (
				A59580521EB3452600FDED6D /* GeolocationService.swift in Sources */,
				A54984811EA767810074755B /* AWSDescription.swift in Sources */,
				A57480421EA8B4E70045AC03 /* CSpotController.swift in Sources */,
				A54512D41E9BE017000FDA2F /* MyCamera.swift in Sources */,
				A59832731EAA4B9B00B88033 /* AWSTable.swift in Sources */,
				A523C8031EB9D2E7006D2919 /* CDHelper.swift in Sources */,
				A5F639001EA7724B000ACD3D /* UserPoolMFAViewController.swift in Sources */,
				A5E23AD11EB3919F00E1176A /* TestViewController.swift in Sources */,
				A54512D61E9BE0B6000FDA2F /* MyStyles.swift in Sources */,
				A5F638FE1EA7724B000ACD3D /* SignInViewControllerExtensions.swift in Sources */,
				A59580531EB34C1500FDED6D /* DescriptionNavigationController.swift in Sources */,
				A54D8EA11E9BC30B0081C0F5 /* ToolExtension.swift in Sources */,
				A54984831EA767FB0074755B /* AWSConfig.swift in Sources */,
				A59832751EAA58FC00B88033 /* AWSS3.swift in Sources */,
				A52E2BA81EB1DC22004F1682 /* SpotViewController.swift in Sources */,
				A5F638FF1EA7724B000ACD3D /* UserPoolForgotPasswordViewController.swift in Sources */,
				A516F04C1EB9EAC7001E10C6 /* AWSDescribe.swift in Sources */,
				A5F638FD1EA7724B000ACD3D /* SignInViewController.swift in Sources */,
				A5E23ACB1EB3918300E1176A /* VueC2.swift in Sources */,
				A54D8EA31E9BCCF20081C0F5 /* NumberExtension.swift in Sources */,
				A58347CD1E9E241600E16507 /* User.swift in Sources */,
				A5CACBAD1E978B1C0068D5B2 /* DynamicsBall.swift in Sources */,
				A5CACB9A1E978A9A0068D5B2 /* MenuViewController.swift in Sources */,
				A579C8551EB8913100397D04 /* ErrorView.swift in Sources */,
				A549847D1EA766B40074755B /* UISpot.swift in Sources */,
				A54512D01E9BD45F000FDA2F /* Spot.swift in Sources */,
				A5E23ACE1EB3919F00E1176A /* SearchNavigationController.swift in Sources */,
				A5F639041EA7724B000ACD3D /* UserPoolSignUpViewController.swift in Sources */,
				A5F639031EA7724B000ACD3D /* UserPoolSignUpConfirmationViewController.swift in Sources */,
				A53B30671EA65617008AE7B8 /* AnimateExtension.swift in Sources */,
				A5E23ACA1EB3918300E1176A /* VueC1.swift in Sources */,
				A5E23ACD1EB3919300E1176A /* MyMap.swift in Sources */,
				A5E23AD01EB3919F00E1176A /* MapSearchController.swift in Sources */,
				A5E23ACC1EB3919300E1176A /* RxMapBox.swift in Sources */,
				A5CACB981E978A9A0068D5B2 /* AppDelegate.swift in Sources */,
				A537B3301EAA0E91001A912A /* WaitingViewController.swift in Sources */,
				A549847F1EA766D50074755B /* AWSSpot.swift in Sources */,
				A52C4D551EB22AA0007550D5 /* UIMedal.swift in Sources */,
				A5F639011EA7724B000ACD3D /* UserPoolNewPasswordViewController.swift in Sources */,
				A5E23ACF1EB3919F00E1176A /* ListSearchController.swift in Sources */,
			);
			runOnlyForDeploymentPostprocessing = 0;
		};
/* End PBXSourcesBuildPhase section */

/* Begin PBXVariantGroup section */
		A5CACB9B1E978A9A0068D5B2 /* CSpot.storyboard */ = {
			isa = PBXVariantGroup;
			children = (
				A5CACB9C1E978A9A0068D5B2 /* Base */,
			);
			name = CSpot.storyboard;
			sourceTree = "<group>";
		};
		A5CACBA01E978A9A0068D5B2 /* LaunchScreen.storyboard */ = {
			isa = PBXVariantGroup;
			children = (
				A5CACBA11E978A9A0068D5B2 /* Base */,
			);
			name = LaunchScreen.storyboard;
			sourceTree = "<group>";
		};
/* End PBXVariantGroup section */

/* Begin XCBuildConfiguration section */
		A5CACBA41E978A9A0068D5B2 /* Debug */ = {
			isa = XCBuildConfiguration;
			buildSettings = {
				ALWAYS_SEARCH_USER_PATHS = NO;
				CLANG_ANALYZER_NONNULL = YES;
				CLANG_ANALYZER_NUMBER_OBJECT_CONVERSION = YES_AGGRESSIVE;
				CLANG_CXX_LANGUAGE_STANDARD = "gnu++0x";
				CLANG_CXX_LIBRARY = "libc++";
				CLANG_ENABLE_MODULES = YES;
				CLANG_ENABLE_OBJC_ARC = YES;
				CLANG_WARN_BOOL_CONVERSION = YES;
				CLANG_WARN_CONSTANT_CONVERSION = YES;
				CLANG_WARN_DIRECT_OBJC_ISA_USAGE = YES_ERROR;
				CLANG_WARN_DOCUMENTATION_COMMENTS = YES;
				CLANG_WARN_EMPTY_BODY = YES;
				CLANG_WARN_ENUM_CONVERSION = YES;
				CLANG_WARN_INFINITE_RECURSION = YES;
				CLANG_WARN_INT_CONVERSION = YES;
				CLANG_WARN_OBJC_ROOT_CLASS = YES_ERROR;
				CLANG_WARN_SUSPICIOUS_MOVE = YES;
				CLANG_WARN_UNREACHABLE_CODE = YES;
				CLANG_WARN__DUPLICATE_METHOD_MATCH = YES;
				"CODE_SIGN_IDENTITY[sdk=iphoneos*]" = "iPhone Developer";
				COPY_PHASE_STRIP = NO;
				DEBUG_INFORMATION_FORMAT = dwarf;
				ENABLE_STRICT_OBJC_MSGSEND = YES;
				ENABLE_TESTABILITY = YES;
				GCC_C_LANGUAGE_STANDARD = gnu99;
				GCC_DYNAMIC_NO_PIC = NO;
				GCC_NO_COMMON_BLOCKS = YES;
				GCC_OPTIMIZATION_LEVEL = 0;
				GCC_PREPROCESSOR_DEFINITIONS = (
					"DEBUG=1",
					"$(inherited)",
				);
				GCC_WARN_64_TO_32_BIT_CONVERSION = YES;
				GCC_WARN_ABOUT_RETURN_TYPE = YES_ERROR;
				GCC_WARN_UNDECLARED_SELECTOR = YES;
				GCC_WARN_UNINITIALIZED_AUTOS = YES_AGGRESSIVE;
				GCC_WARN_UNUSED_FUNCTION = YES;
				GCC_WARN_UNUSED_VARIABLE = YES;
				IPHONEOS_DEPLOYMENT_TARGET = 10.3;
				MTL_ENABLE_DEBUG_INFO = YES;
				ONLY_ACTIVE_ARCH = YES;
				SDKROOT = iphoneos;
				SWIFT_ACTIVE_COMPILATION_CONDITIONS = DEBUG;
				SWIFT_OPTIMIZATION_LEVEL = "-Onone";
			};
			name = Debug;
		};
		A5CACBA51E978A9A0068D5B2 /* Release */ = {
			isa = XCBuildConfiguration;
			buildSettings = {
				ALWAYS_SEARCH_USER_PATHS = NO;
				CLANG_ANALYZER_NONNULL = YES;
				CLANG_ANALYZER_NUMBER_OBJECT_CONVERSION = YES_AGGRESSIVE;
				CLANG_CXX_LANGUAGE_STANDARD = "gnu++0x";
				CLANG_CXX_LIBRARY = "libc++";
				CLANG_ENABLE_MODULES = YES;
				CLANG_ENABLE_OBJC_ARC = YES;
				CLANG_WARN_BOOL_CONVERSION = YES;
				CLANG_WARN_CONSTANT_CONVERSION = YES;
				CLANG_WARN_DIRECT_OBJC_ISA_USAGE = YES_ERROR;
				CLANG_WARN_DOCUMENTATION_COMMENTS = YES;
				CLANG_WARN_EMPTY_BODY = YES;
				CLANG_WARN_ENUM_CONVERSION = YES;
				CLANG_WARN_INFINITE_RECURSION = YES;
				CLANG_WARN_INT_CONVERSION = YES;
				CLANG_WARN_OBJC_ROOT_CLASS = YES_ERROR;
				CLANG_WARN_SUSPICIOUS_MOVE = YES;
				CLANG_WARN_UNREACHABLE_CODE = YES;
				CLANG_WARN__DUPLICATE_METHOD_MATCH = YES;
				"CODE_SIGN_IDENTITY[sdk=iphoneos*]" = "iPhone Developer";
				COPY_PHASE_STRIP = NO;
				DEBUG_INFORMATION_FORMAT = "dwarf-with-dsym";
				ENABLE_NS_ASSERTIONS = NO;
				ENABLE_STRICT_OBJC_MSGSEND = YES;
				GCC_C_LANGUAGE_STANDARD = gnu99;
				GCC_NO_COMMON_BLOCKS = YES;
				GCC_WARN_64_TO_32_BIT_CONVERSION = YES;
				GCC_WARN_ABOUT_RETURN_TYPE = YES_ERROR;
				GCC_WARN_UNDECLARED_SELECTOR = YES;
				GCC_WARN_UNINITIALIZED_AUTOS = YES_AGGRESSIVE;
				GCC_WARN_UNUSED_FUNCTION = YES;
				GCC_WARN_UNUSED_VARIABLE = YES;
				IPHONEOS_DEPLOYMENT_TARGET = 10.3;
				MTL_ENABLE_DEBUG_INFO = NO;
				SDKROOT = iphoneos;
				SWIFT_OPTIMIZATION_LEVEL = "-Owholemodule";
				VALIDATE_PRODUCT = YES;
			};
			name = Release;
		};
		A5CACBA71E978A9A0068D5B2 /* Debug */ = {
			isa = XCBuildConfiguration;
			baseConfigurationReference = 0C7DF1EE9E0485446262E3CE /* Pods-Capitaine spot.debug.xcconfig */;
			buildSettings = {
				ASSETCATALOG_COMPILER_APPICON_NAME = AppIcon;
				"CODE_SIGN_IDENTITY[sdk=iphoneos*]" = "iPhone Developer";
				DEVELOPMENT_TEAM = DA7865XRM2;
				FRAMEWORK_SEARCH_PATHS = (
					"$(inherited)",
					"$(PROJECT_DIR)",
				);
				INFOPLIST_FILE = "Capitaine spot/Info.plist";
				LD_RUNPATH_SEARCH_PATHS = "$(inherited) @executable_path/Frameworks";
				PRODUCT_BUNDLE_IDENTIFIER = "com.av.Capitaine-spot";
				PRODUCT_NAME = "$(TARGET_NAME)";
				PROVISIONING_PROFILE_SPECIFIER = "";
				SWIFT_VERSION = 3.0;
			};
			name = Debug;
		};
		A5CACBA81E978A9A0068D5B2 /* Release */ = {
			isa = XCBuildConfiguration;
			baseConfigurationReference = 26D74DEE36D04B6E49815A16 /* Pods-Capitaine spot.release.xcconfig */;
			buildSettings = {
				ASSETCATALOG_COMPILER_APPICON_NAME = AppIcon;
				"CODE_SIGN_IDENTITY[sdk=iphoneos*]" = "iPhone Developer";
				DEVELOPMENT_TEAM = DA7865XRM2;
				FRAMEWORK_SEARCH_PATHS = (
					"$(inherited)",
					"$(PROJECT_DIR)",
				);
				INFOPLIST_FILE = "Capitaine spot/Info.plist";
				LD_RUNPATH_SEARCH_PATHS = "$(inherited) @executable_path/Frameworks";
				PRODUCT_BUNDLE_IDENTIFIER = "com.av.Capitaine-spot";
				PRODUCT_NAME = "$(TARGET_NAME)";
				PROVISIONING_PROFILE_SPECIFIER = "";
				SWIFT_VERSION = 3.0;
			};
			name = Release;
		};
/* End XCBuildConfiguration section */

/* Begin XCConfigurationList section */
		A5CACB8F1E978A9A0068D5B2 /* Build configuration list for PBXProject "Capitaine spot" */ = {
			isa = XCConfigurationList;
			buildConfigurations = (
				A5CACBA41E978A9A0068D5B2 /* Debug */,
				A5CACBA51E978A9A0068D5B2 /* Release */,
			);
			defaultConfigurationIsVisible = 0;
			defaultConfigurationName = Release;
		};
		A5CACBA61E978A9A0068D5B2 /* Build configuration list for PBXNativeTarget "Capitaine spot" */ = {
			isa = XCConfigurationList;
			buildConfigurations = (
				A5CACBA71E978A9A0068D5B2 /* Debug */,
				A5CACBA81E978A9A0068D5B2 /* Release */,
			);
			defaultConfigurationIsVisible = 0;
			defaultConfigurationName = Release;
		};
/* End XCConfigurationList section */
	};
	rootObject = A5CACB8C1E978A9A0068D5B2 /* Project object */;
}
